
Microsoft Visual Studio Solution File, Format Version 12.00
Project("{FAE04EC0-301F-11D3-BF4B-00C04F79EFBC}") = "GitHubActions.NetCoreApp", "GitHubActions.NetCoreApp\GitHubActions.NetCoreApp.csproj", "{1BB9A328-E2BF-48E7-BBB9-64ED57BC7B6A}"
EndProject
Global
	GlobalSection(SolutionConfigurationPlatforms) = preSolution
		Debug|Any CPU = Debug|Any CPU
		Release|Any CPU = Release|Any CPU
	EndGlobalSection
	GlobalSection(ProjectConfigurationPlatforms) = postSolution
		{1BB9A328-E2BF-48E7-BBB9-64ED57BC7B6A}.Debug|Any CPU.ActiveCfg = Debug|Any CPU
		{1BB9A328-E2BF-48E7-BBB9-64ED57BC7B6A}.Debug|Any CPU.Build.0 = Debug|Any CPU
		{1BB9A328-E2BF-48E7-BBB9-64ED57BC7B6A}.Release|Any CPU.ActiveCfg = Release|Any CPU
		{1BB9A328-E2BF-48E7-BBB9-64ED57BC7B6A}.Release|Any CPU.Build.0 = Release|Any CPU
	EndGlobalSection
EndGlobal
